
Microsoft Visual Studio Solution File, Format Version 12.00
# Visual Studio Version 16
VisualStudioVersion = 16.0.29411.108
MinimumVisualStudioVersion = 10.0.40219.1
Project("{FAE04EC0-301F-11D3-BF4B-00C04F79EFBC}") = "SnakesLadders", "SnakesLadders\SnakesLadders.csproj", "{2DCCC56A-1CB2-43B7-B5AC-5D0EF75EA180}"
EndProject
Global
	GlobalSection(SolutionConfigurationPlatforms) = preSolution
		Debug|Any CPU = Debug|Any CPU
		Release|Any CPU = Release|Any CPU
	EndGlobalSection
	GlobalSection(ProjectConfigurationPlatforms) = postSolution
		{2DCCC56A-1CB2-43B7-B5AC-5D0EF75EA180}.Debug|Any CPU.ActiveCfg = Debug|Any CPU
		{2DCCC56A-1CB2-43B7-B5AC-5D0EF75EA180}.Debug|Any CPU.Build.0 = Debug|Any CPU
		{2DCCC56A-1CB2-43B7-B5AC-5D0EF75EA180}.Release|Any CPU.ActiveCfg = Release|Any CPU
		{2DCCC56A-1CB2-43B7-B5AC-5D0EF75EA180}.Release|Any CPU.Build.0 = Release|Any CPU
	EndGlobalSection
	GlobalSection(SolutionProperties) = preSolution
		HideSolutionNode = FALSE
	EndGlobalSection
	GlobalSection(ExtensibilityGlobals) = postSolution
		SolutionGuid = {030845EC-27BB-43F8-92AA-82CEED4579D4}
	EndGlobalSection
EndGlobal
